
Microsoft Visual Studio Solution File, Format Version 12.00
# Visual Studio Version 17
VisualStudioVersion = 17.14.36915.13 d17.14
MinimumVisualStudioVersion = 10.0.40219.1
Project("{8BC9CEB8-8B4A-11D0-8D11-00A0C91BC942}") = "1_Input and Output", "1_Input and Output.vcxproj", "{FFE66A26-75DC-4016-B647-D03C51F2695A}"
EndProject
Global
	GlobalSection(SolutionConfigurationPlatforms) = preSolution
		Debug|x64 = Debug|x64
		Debug|x86 = Debug|x86
		Release|x64 = Release|x64
		Release|x86 = Release|x86
	EndGlobalSection
	GlobalSection(ProjectConfigurationPlatforms) = postSolution
		{FFE66A26-75DC-4016-B647-D03C51F2695A}.Debug|x64.ActiveCfg = Debug|x64
		{FFE66A26-75DC-4016-B647-D03C51F2695A}.Debug|x64.Build.0 = Debug|x64
		{FFE66A26-75DC-4016-B647-D03C51F2695A}.Debug|x86.ActiveCfg = Debug|Win32
		{FFE66A26-75DC-4016-B647-D03C51F2695A}.Debug|x86.Build.0 = Debug|Win32
		{FFE66A26-75DC-4016-B647-D03C51F2695A}.Release|x64.ActiveCfg = Release|x64
		{FFE66A26-75DC-4016-B647-D03C51F2695A}.Release|x64.Build.0 = Release|x64
		{FFE66A26-75DC-4016-B647-D03C51F2695A}.Release|x86.ActiveCfg = Release|Win32
		{FFE66A26-75DC-4016-B647-D03C51F2695A}.Release|x86.Build.0 = Release|Win32
	EndGlobalSection
	GlobalSection(SolutionProperties) = preSolution
		HideSolutionNode = FALSE
	EndGlobalSection
	GlobalSection(ExtensibilityGlobals) = postSolution
		SolutionGuid = {D6DBF04D-414D-4516-A725-9B027D38FC66}
	EndGlobalSection
EndGlobal
